
Microsoft Visual Studio Solution File, Format Version 12.00
Project("{FAE04EC0-301F-11D3-BF4B-00C04F79EFBC}") = "Demographic", "Demographic\Demographic.csproj", "{F46FB5EA-3E43-4CC1-9079-4559B8B65927}"
EndProject
Project("{FAE04EC0-301F-11D3-BF4B-00C04F79EFBC}") = "Demographic.Exec", "Demographic.Exec\Demographic.Exec.csproj", "{71A81D1D-C1ED-422B-B575-3372B07A0D90}"
EndProject
Project("{FAE04EC0-301F-11D3-BF4B-00C04F79EFBC}") = "Demographic.FileOperations", "Demographic.FileOperations\Demographic.FileOperations.csproj", "{4384027B-F4DD-4EAB-84ED-1FE78934C172}"
EndProject
Global
	GlobalSection(SolutionConfigurationPlatforms) = preSolution
		Debug|Any CPU = Debug|Any CPU
		Release|Any CPU = Release|Any CPU
	EndGlobalSection
	GlobalSection(ProjectConfigurationPlatforms) = postSolution
		{F46FB5EA-3E43-4CC1-9079-4559B8B65927}.Debug|Any CPU.ActiveCfg = Debug|Any CPU
		{F46FB5EA-3E43-4CC1-9079-4559B8B65927}.Debug|Any CPU.Build.0 = Debug|Any CPU
		{F46FB5EA-3E43-4CC1-9079-4559B8B65927}.Release|Any CPU.ActiveCfg = Release|Any CPU
		{F46FB5EA-3E43-4CC1-9079-4559B8B65927}.Release|Any CPU.Build.0 = Release|Any CPU
		{71A81D1D-C1ED-422B-B575-3372B07A0D90}.Debug|Any CPU.ActiveCfg = Debug|Any CPU
		{71A81D1D-C1ED-422B-B575-3372B07A0D90}.Debug|Any CPU.Build.0 = Debug|Any CPU
		{71A81D1D-C1ED-422B-B575-3372B07A0D90}.Release|Any CPU.ActiveCfg = Release|Any CPU
		{71A81D1D-C1ED-422B-B575-3372B07A0D90}.Release|Any CPU.Build.0 = Release|Any CPU
		{4384027B-F4DD-4EAB-84ED-1FE78934C172}.Debug|Any CPU.ActiveCfg = Debug|Any CPU
		{4384027B-F4DD-4EAB-84ED-1FE78934C172}.Debug|Any CPU.Build.0 = Debug|Any CPU
		{4384027B-F4DD-4EAB-84ED-1FE78934C172}.Release|Any CPU.ActiveCfg = Release|Any CPU
		{4384027B-F4DD-4EAB-84ED-1FE78934C172}.Release|Any CPU.Build.0 = Release|Any CPU
	EndGlobalSection
EndGlobal
