
Microsoft Visual Studio Solution File, Format Version 12.00
Project("{FAE04EC0-301F-11D3-BF4B-00C04F79EFBC}") = "UnitTests", "UnitTests\UnitTests.csproj", "{96B7021B-66B7-49C9-9A3B-4F09F68BC48F}"
EndProject
Project("{FAE04EC0-301F-11D3-BF4B-00C04F79EFBC}") = "LinearAlgebra", "..\lab5\LinearAlgebra\LinearAlgebra.csproj", "{2D3E1A33-F71E-42F7-A13F-BE6ABF5A3F30}"
EndProject
Global
	GlobalSection(SolutionConfigurationPlatforms) = preSolution
		Debug|Any CPU = Debug|Any CPU
		Release|Any CPU = Release|Any CPU
	EndGlobalSection
	GlobalSection(ProjectConfigurationPlatforms) = postSolution
		{96B7021B-66B7-49C9-9A3B-4F09F68BC48F}.Debug|Any CPU.ActiveCfg = Debug|Any CPU
		{96B7021B-66B7-49C9-9A3B-4F09F68BC48F}.Debug|Any CPU.Build.0 = Debug|Any CPU
		{96B7021B-66B7-49C9-9A3B-4F09F68BC48F}.Release|Any CPU.ActiveCfg = Release|Any CPU
		{96B7021B-66B7-49C9-9A3B-4F09F68BC48F}.Release|Any CPU.Build.0 = Release|Any CPU
		{2D3E1A33-F71E-42F7-A13F-BE6ABF5A3F30}.Debug|Any CPU.ActiveCfg = Debug|Any CPU
		{2D3E1A33-F71E-42F7-A13F-BE6ABF5A3F30}.Debug|Any CPU.Build.0 = Debug|Any CPU
		{2D3E1A33-F71E-42F7-A13F-BE6ABF5A3F30}.Release|Any CPU.ActiveCfg = Release|Any CPU
		{2D3E1A33-F71E-42F7-A13F-BE6ABF5A3F30}.Release|Any CPU.Build.0 = Release|Any CPU
	EndGlobalSection
EndGlobal
